
Microsoft Visual Studio Solution File, Format Version 12.00
# Visual Studio Version 17
VisualStudioVersion = 17.4.33110.190
MinimumVisualStudioVersion = 10.0.40219.1
Project("{FAE04EC0-301F-11D3-BF4B-00C04F79EFBC}") = "matala_3_react_server side", "matala_3_react_server side.csproj", "{F885A194-DD7B-4C3D-B468-28A9BC5E5C0C}"
EndProject
Global
	GlobalSection(SolutionConfigurationPlatforms) = preSolution
		Debug|Any CPU = Debug|Any CPU
		Release|Any CPU = Release|Any CPU
	EndGlobalSection
	GlobalSection(ProjectConfigurationPlatforms) = postSolution
		{F885A194-DD7B-4C3D-B468-28A9BC5E5C0C}.Debug|Any CPU.ActiveCfg = Debug|Any CPU
		{F885A194-DD7B-4C3D-B468-28A9BC5E5C0C}.Debug|Any CPU.Build.0 = Debug|Any CPU
		{F885A194-DD7B-4C3D-B468-28A9BC5E5C0C}.Release|Any CPU.ActiveCfg = Release|Any CPU
		{F885A194-DD7B-4C3D-B468-28A9BC5E5C0C}.Release|Any CPU.Build.0 = Release|Any CPU
	EndGlobalSection
	GlobalSection(SolutionProperties) = preSolution
		HideSolutionNode = FALSE
	EndGlobalSection
	GlobalSection(ExtensibilityGlobals) = postSolution
		SolutionGuid = {9B74563A-EBC2-4DD5-84D0-8D49A14E3F19}
	EndGlobalSection
EndGlobal
